
Microsoft Visual Studio Solution File, Format Version 12.00
# Visual Studio Version 17
VisualStudioVersion = 17.4.33213.308
MinimumVisualStudioVersion = 10.0.40219.1
Project("{8BC9CEB8-8B4A-11D0-8D11-00A0C91BC942}") = "CS_303_ASSIGN1", "CS_303_ASSIGN1\CS_303_ASSIGN1.vcxproj", "{BAADBA0C-C94D-4930-9DEB-BF6B40D0D1E8}"
EndProject
Global
	GlobalSection(SolutionConfigurationPlatforms) = preSolution
		Debug|x64 = Debug|x64
		Debug|x86 = Debug|x86
		Release|x64 = Release|x64
		Release|x86 = Release|x86
	EndGlobalSection
	GlobalSection(ProjectConfigurationPlatforms) = postSolution
		{BAADBA0C-C94D-4930-9DEB-BF6B40D0D1E8}.Debug|x64.ActiveCfg = Debug|x64
		{BAADBA0C-C94D-4930-9DEB-BF6B40D0D1E8}.Debug|x64.Build.0 = Debug|x64
		{BAADBA0C-C94D-4930-9DEB-BF6B40D0D1E8}.Debug|x86.ActiveCfg = Debug|Win32
		{BAADBA0C-C94D-4930-9DEB-BF6B40D0D1E8}.Debug|x86.Build.0 = Debug|Win32
		{BAADBA0C-C94D-4930-9DEB-BF6B40D0D1E8}.Release|x64.ActiveCfg = Release|x64
		{BAADBA0C-C94D-4930-9DEB-BF6B40D0D1E8}.Release|x64.Build.0 = Release|x64
		{BAADBA0C-C94D-4930-9DEB-BF6B40D0D1E8}.Release|x86.ActiveCfg = Release|Win32
		{BAADBA0C-C94D-4930-9DEB-BF6B40D0D1E8}.Release|x86.Build.0 = Release|Win32
	EndGlobalSection
	GlobalSection(SolutionProperties) = preSolution
		HideSolutionNode = FALSE
	EndGlobalSection
	GlobalSection(ExtensibilityGlobals) = postSolution
		SolutionGuid = {6E22C20F-14BF-41D1-AD36-AEEC673B9A8A}
	EndGlobalSection
EndGlobal
